
Microsoft Visual Studio Solution File, Format Version 12.00
# Visual Studio Version 18
VisualStudioVersion = 18.0.11217.181
MinimumVisualStudioVersion = 10.0.40219.1
Project("{FAE04EC0-301F-11D3-BF4B-00C04F79EFBC}") = "CSCGlobalCAPlugin", "cscglobal-caplugin\CSCGlobalCAPlugin.csproj", "{01DDFD6F-275D-46E7-B522-E0C965D1BF9C}"
EndProject
Project("{2150E333-8FDC-42A3-9474-1A3956D46DE8}") = "Solution Items", "Solution Items", "{8EC462FD-D22E-90A8-E5CE-7E832BA40C5D}"
	ProjectSection(SolutionItems) = preProject
		CHANGELOG.md = CHANGELOG.md
		docsource\configuration.md = docsource\configuration.md
		integration-manifest.json = integration-manifest.json
	EndProjectSection
EndProject
Project("{2150E333-8FDC-42A3-9474-1A3956D46DE8}") = "cscglobal-caplugin.Tests", "cscglobal-caplugin.Tests", "{BE4C3E19-CFA0-7860-C455-A18FD2267928}"
EndProject
Project("{FAE04EC0-301F-11D3-BF4B-00C04F79EFBC}") = "CSCGlobalCAPlugin.Tests", "cscglobal-caplugin.Tests\CSCGlobalCAPlugin.Tests.csproj", "{1FE36805-D1BD-4552-8B19-17358C5F19E3}"
EndProject
Project("{2150E333-8FDC-42A3-9474-1A3956D46DE8}") = "cscglobal-caplugin", "cscglobal-caplugin", "{9EDFC34F-9707-CEB2-9158-E7368508D81D}"
EndProject
Global
	GlobalSection(SolutionConfigurationPlatforms) = preSolution
		Debug|Any CPU = Debug|Any CPU
		Debug|x64 = Debug|x64
		Debug|x86 = Debug|x86
		DebugAndPush|Any CPU = DebugAndPush|Any CPU
		DebugAndPush|x64 = DebugAndPush|x64
		DebugAndPush|x86 = DebugAndPush|x86
		Release|Any CPU = Release|Any CPU
		Release|x64 = Release|x64
		Release|x86 = Release|x86
	EndGlobalSection
	GlobalSection(ProjectConfigurationPlatforms) = postSolution
		{01DDFD6F-275D-46E7-B522-E0C965D1BF9C}.Debug|Any CPU.ActiveCfg = Debug|Any CPU
		{01DDFD6F-275D-46E7-B522-E0C965D1BF9C}.Debug|Any CPU.Build.0 = Debug|Any CPU
		{01DDFD6F-275D-46E7-B522-E0C965D1BF9C}.Debug|x64.ActiveCfg = Debug|Any CPU
		{01DDFD6F-275D-46E7-B522-E0C965D1BF9C}.Debug|x64.Build.0 = Debug|Any CPU
		{01DDFD6F-275D-46E7-B522-E0C965D1BF9C}.Debug|x86.ActiveCfg = Debug|Any CPU
		{01DDFD6F-275D-46E7-B522-E0C965D1BF9C}.Debug|x86.Build.0 = Debug|Any CPU
		{01DDFD6F-275D-46E7-B522-E0C965D1BF9C}.DebugAndPush|Any CPU.ActiveCfg = DebugAndPush|Any CPU
		{01DDFD6F-275D-46E7-B522-E0C965D1BF9C}.DebugAndPush|Any CPU.Build.0 = DebugAndPush|Any CPU
		{01DDFD6F-275D-46E7-B522-E0C965D1BF9C}.DebugAndPush|x64.ActiveCfg = DebugAndPush|Any CPU
		{01DDFD6F-275D-46E7-B522-E0C965D1BF9C}.DebugAndPush|x64.Build.0 = DebugAndPush|Any CPU
		{01DDFD6F-275D-46E7-B522-E0C965D1BF9C}.DebugAndPush|x86.ActiveCfg = DebugAndPush|Any CPU
		{01DDFD6F-275D-46E7-B522-E0C965D1BF9C}.DebugAndPush|x86.Build.0 = DebugAndPush|Any CPU
		{01DDFD6F-275D-46E7-B522-E0C965D1BF9C}.Release|Any CPU.ActiveCfg = Release|Any CPU
		{01DDFD6F-275D-46E7-B522-E0C965D1BF9C}.Release|Any CPU.Build.0 = Release|Any CPU
		{01DDFD6F-275D-46E7-B522-E0C965D1BF9C}.Release|x64.ActiveCfg = Release|Any CPU
		{01DDFD6F-275D-46E7-B522-E0C965D1BF9C}.Release|x64.Build.0 = Release|Any CPU
		{01DDFD6F-275D-46E7-B522-E0C965D1BF9C}.Release|x86.ActiveCfg = Release|Any CPU
		{01DDFD6F-275D-46E7-B522-E0C965D1BF9C}.Release|x86.Build.0 = Release|Any CPU
		{1FE36805-D1BD-4552-8B19-17358C5F19E3}.Debug|Any CPU.ActiveCfg = Debug|Any CPU
		{1FE36805-D1BD-4552-8B19-17358C5F19E3}.Debug|Any CPU.Build.0 = Debug|Any CPU
		{1FE36805-D1BD-4552-8B19-17358C5F19E3}.Debug|x64.ActiveCfg = Debug|Any CPU
		{1FE36805-D1BD-4552-8B19-17358C5F19E3}.Debug|x64.Build.0 = Debug|Any CPU
		{1FE36805-D1BD-4552-8B19-17358C5F19E3}.Debug|x86.ActiveCfg = Debug|Any CPU
		{1FE36805-D1BD-4552-8B19-17358C5F19E3}.Debug|x86.Build.0 = Debug|Any CPU
		{1FE36805-D1BD-4552-8B19-17358C5F19E3}.DebugAndPush|Any CPU.ActiveCfg = Debug|Any CPU
		{1FE36805-D1BD-4552-8B19-17358C5F19E3}.DebugAndPush|Any CPU.Build.0 = Debug|Any CPU
		{1FE36805-D1BD-4552-8B19-17358C5F19E3}.DebugAndPush|x64.ActiveCfg = Debug|Any CPU
		{1FE36805-D1BD-4552-8B19-17358C5F19E3}.DebugAndPush|x64.Build.0 = Debug|Any CPU
		{1FE36805-D1BD-4552-8B19-17358C5F19E3}.DebugAndPush|x86.ActiveCfg = Debug|Any CPU
		{1FE36805-D1BD-4552-8B19-17358C5F19E3}.DebugAndPush|x86.Build.0 = Debug|Any CPU
		{1FE36805-D1BD-4552-8B19-17358C5F19E3}.Release|Any CPU.ActiveCfg = Release|Any CPU
		{1FE36805-D1BD-4552-8B19-17358C5F19E3}.Release|Any CPU.Build.0 = Release|Any CPU
		{1FE36805-D1BD-4552-8B19-17358C5F19E3}.Release|x64.ActiveCfg = Release|Any CPU
		{1FE36805-D1BD-4552-8B19-17358C5F19E3}.Release|x64.Build.0 = Release|Any CPU
		{1FE36805-D1BD-4552-8B19-17358C5F19E3}.Release|x86.ActiveCfg = Release|Any CPU
		{1FE36805-D1BD-4552-8B19-17358C5F19E3}.Release|x86.Build.0 = Release|Any CPU
	EndGlobalSection
	GlobalSection(SolutionProperties) = preSolution
		HideSolutionNode = FALSE
	EndGlobalSection
	GlobalSection(NestedProjects) = preSolution
		{1FE36805-D1BD-4552-8B19-17358C5F19E3} = {BE4C3E19-CFA0-7860-C455-A18FD2267928}
	EndGlobalSection
	GlobalSection(ExtensibilityGlobals) = postSolution
		SolutionGuid = {8861D2F4-FEE8-4D70-8172-DF321704F12D}
	EndGlobalSection
EndGlobal
